
Microsoft Visual Studio Solution File, Format Version 12.00
# Visual Studio Version 16
VisualStudioVersion = 16.0.29418.71
MinimumVisualStudioVersion = 10.0.40219.1
Project("{FAE04EC0-301F-11D3-BF4B-00C04F79EFBC}") = "WebTest", "WebTest.csproj", "{425D8073-06FB-4CEB-8061-D6B042CC02AB}"
EndProject
Project("{FAE04EC0-301F-11D3-BF4B-00C04F79EFBC}") = "WebPro1", "..\WebPro1\WebPro1.csproj", "{7F433742-757A-4884-AE5B-C64A7FB5DECA}"
EndProject
Global
	GlobalSection(SolutionConfigurationPlatforms) = preSolution
		Debug|Any CPU = Debug|Any CPU
		Release|Any CPU = Release|Any CPU
	EndGlobalSection
	GlobalSection(ProjectConfigurationPlatforms) = postSolution
		{425D8073-06FB-4CEB-8061-D6B042CC02AB}.Debug|Any CPU.ActiveCfg = Debug|Any CPU
		{425D8073-06FB-4CEB-8061-D6B042CC02AB}.Debug|Any CPU.Build.0 = Debug|Any CPU
		{425D8073-06FB-4CEB-8061-D6B042CC02AB}.Release|Any CPU.ActiveCfg = Release|Any CPU
		{425D8073-06FB-4CEB-8061-D6B042CC02AB}.Release|Any CPU.Build.0 = Release|Any CPU
		{7F433742-757A-4884-AE5B-C64A7FB5DECA}.Debug|Any CPU.ActiveCfg = Debug|Any CPU
		{7F433742-757A-4884-AE5B-C64A7FB5DECA}.Debug|Any CPU.Build.0 = Debug|Any CPU
		{7F433742-757A-4884-AE5B-C64A7FB5DECA}.Release|Any CPU.ActiveCfg = Release|Any CPU
		{7F433742-757A-4884-AE5B-C64A7FB5DECA}.Release|Any CPU.Build.0 = Release|Any CPU
	EndGlobalSection
	GlobalSection(SolutionProperties) = preSolution
		HideSolutionNode = FALSE
	EndGlobalSection
	GlobalSection(ExtensibilityGlobals) = postSolution
		SolutionGuid = {94003C78-6270-4660-9AFF-C797926FEBB4}
	EndGlobalSection
EndGlobal
