
Microsoft Visual Studio Solution File, Format Version 12.00
# Visual Studio Version 16
VisualStudioVersion = 16.0.29418.71
MinimumVisualStudioVersion = 10.0.40219.1
Project("{F184B08F-C81C-45F6-A57F-5ABD9991F28F}") = "WebServiceDemo", "WebServiceDemo.vbproj", "{FBC28CE4-275E-4B0C-B897-ECB320AD5F72}"
EndProject
Global
	GlobalSection(SolutionConfigurationPlatforms) = preSolution
		Debug|Any CPU = Debug|Any CPU
		Release|Any CPU = Release|Any CPU
	EndGlobalSection
	GlobalSection(ProjectConfigurationPlatforms) = postSolution
		{FBC28CE4-275E-4B0C-B897-ECB320AD5F72}.Debug|Any CPU.ActiveCfg = Debug|Any CPU
		{FBC28CE4-275E-4B0C-B897-ECB320AD5F72}.Debug|Any CPU.Build.0 = Debug|Any CPU
		{FBC28CE4-275E-4B0C-B897-ECB320AD5F72}.Release|Any CPU.ActiveCfg = Release|Any CPU
		{FBC28CE4-275E-4B0C-B897-ECB320AD5F72}.Release|Any CPU.Build.0 = Release|Any CPU
	EndGlobalSection
	GlobalSection(SolutionProperties) = preSolution
		HideSolutionNode = FALSE
	EndGlobalSection
	GlobalSection(ExtensibilityGlobals) = postSolution
		SolutionGuid = {08AB7884-8706-4200-A649-9B3E1397206C}
	EndGlobalSection
EndGlobal
